
Microsoft Visual Studio Solution File, Format Version 12.00
# Visual Studio Version 17
VisualStudioVersion = 17.14.36221.1 d17.14
MinimumVisualStudioVersion = 10.0.40219.1
Project("{FAE04EC0-301F-11D3-BF4B-00C04F79EFBC}") = "MIRAL_COConstructorUserInput", "MIRAL_COConstructorUserInput\MIRAL_COConstructorUserInput.csproj", "{C288F90D-DA66-499F-A530-521C2748BAB5}"
EndProject
Global
	GlobalSection(SolutionConfigurationPlatforms) = preSolution
		Debug|Any CPU = Debug|Any CPU
		Release|Any CPU = Release|Any CPU
	EndGlobalSection
	GlobalSection(ProjectConfigurationPlatforms) = postSolution
		{C288F90D-DA66-499F-A530-521C2748BAB5}.Debug|Any CPU.ActiveCfg = Debug|Any CPU
		{C288F90D-DA66-499F-A530-521C2748BAB5}.Debug|Any CPU.Build.0 = Debug|Any CPU
		{C288F90D-DA66-499F-A530-521C2748BAB5}.Release|Any CPU.ActiveCfg = Release|Any CPU
		{C288F90D-DA66-499F-A530-521C2748BAB5}.Release|Any CPU.Build.0 = Release|Any CPU
	EndGlobalSection
	GlobalSection(SolutionProperties) = preSolution
		HideSolutionNode = FALSE
	EndGlobalSection
	GlobalSection(ExtensibilityGlobals) = postSolution
		SolutionGuid = {1BA83D5F-ADC7-4792-9368-7CAD7742F66F}
	EndGlobalSection
EndGlobal
