
Microsoft Visual Studio Solution File, Format Version 12.00
# Visual Studio Version 17
VisualStudioVersion = 17.13.35919.96 d17.13
MinimumVisualStudioVersion = 10.0.40219.1
Project("{FAE04EC0-301F-11D3-BF4B-00C04F79EFBC}") = "MIRAL_Inheritanceuserinput", "MIRAL_Inheritanceuserinput\MIRAL_Inheritanceuserinput.csproj", "{0EFE9C3F-E63F-4D3F-A3DC-1E3E41160506}"
EndProject
Global
	GlobalSection(SolutionConfigurationPlatforms) = preSolution
		Debug|Any CPU = Debug|Any CPU
		Release|Any CPU = Release|Any CPU
	EndGlobalSection
	GlobalSection(ProjectConfigurationPlatforms) = postSolution
		{0EFE9C3F-E63F-4D3F-A3DC-1E3E41160506}.Debug|Any CPU.ActiveCfg = Debug|Any CPU
		{0EFE9C3F-E63F-4D3F-A3DC-1E3E41160506}.Debug|Any CPU.Build.0 = Debug|Any CPU
		{0EFE9C3F-E63F-4D3F-A3DC-1E3E41160506}.Release|Any CPU.ActiveCfg = Release|Any CPU
		{0EFE9C3F-E63F-4D3F-A3DC-1E3E41160506}.Release|Any CPU.Build.0 = Release|Any CPU
	EndGlobalSection
	GlobalSection(SolutionProperties) = preSolution
		HideSolutionNode = FALSE
	EndGlobalSection
	GlobalSection(ExtensibilityGlobals) = postSolution
		SolutionGuid = {99DCD22A-3676-4FCA-B05E-1F7D2364CA93}
	EndGlobalSection
EndGlobal
