
Microsoft Visual Studio Solution File, Format Version 12.00
# Visual Studio Version 17
VisualStudioVersion = 17.14.36221.1 d17.14
MinimumVisualStudioVersion = 10.0.40219.1
Project("{FAE04EC0-301F-11D3-BF4B-00C04F79EFBC}") = "MIRAL_MyClassAndObjects", "MIRAL_MyClassAndObjects\MIRAL_MyClassAndObjects.csproj", "{DAED0CC2-1C33-430F-B5CB-31381F17F63E}"
EndProject
Global
	GlobalSection(SolutionConfigurationPlatforms) = preSolution
		Debug|Any CPU = Debug|Any CPU
		Release|Any CPU = Release|Any CPU
	EndGlobalSection
	GlobalSection(ProjectConfigurationPlatforms) = postSolution
		{DAED0CC2-1C33-430F-B5CB-31381F17F63E}.Debug|Any CPU.ActiveCfg = Debug|Any CPU
		{DAED0CC2-1C33-430F-B5CB-31381F17F63E}.Debug|Any CPU.Build.0 = Debug|Any CPU
		{DAED0CC2-1C33-430F-B5CB-31381F17F63E}.Release|Any CPU.ActiveCfg = Release|Any CPU
		{DAED0CC2-1C33-430F-B5CB-31381F17F63E}.Release|Any CPU.Build.0 = Release|Any CPU
	EndGlobalSection
	GlobalSection(SolutionProperties) = preSolution
		HideSolutionNode = FALSE
	EndGlobalSection
	GlobalSection(ExtensibilityGlobals) = postSolution
		SolutionGuid = {50948E30-25BC-4F14-9848-C97C3CECF3D5}
	EndGlobalSection
EndGlobal
